
Microsoft Visual Studio Solution File, Format Version 12.00
# Visual Studio Version 17
VisualStudioVersion = 17.9.34616.47
MinimumVisualStudioVersion = 10.0.40219.1
Project("{FAE04EC0-301F-11D3-BF4B-00C04F79EFBC}") = "ExpensemanagerApi", "ExpensemanagerApi.csproj", "{BF7D5BBA-8C44-4E3E-A44B-3199BB659FD6}"
EndProject
Global
	GlobalSection(SolutionConfigurationPlatforms) = preSolution
		Debug|Any CPU = Debug|Any CPU
		Release|Any CPU = Release|Any CPU
	EndGlobalSection
	GlobalSection(ProjectConfigurationPlatforms) = postSolution
		{BF7D5BBA-8C44-4E3E-A44B-3199BB659FD6}.Debug|Any CPU.ActiveCfg = Debug|Any CPU
		{BF7D5BBA-8C44-4E3E-A44B-3199BB659FD6}.Debug|Any CPU.Build.0 = Debug|Any CPU
		{BF7D5BBA-8C44-4E3E-A44B-3199BB659FD6}.Release|Any CPU.ActiveCfg = Release|Any CPU
		{BF7D5BBA-8C44-4E3E-A44B-3199BB659FD6}.Release|Any CPU.Build.0 = Release|Any CPU
	EndGlobalSection
	GlobalSection(SolutionProperties) = preSolution
		HideSolutionNode = FALSE
	EndGlobalSection
	GlobalSection(ExtensibilityGlobals) = postSolution
		SolutionGuid = {123D15B9-BE84-46E8-AD2E-45428E6025D9}
	EndGlobalSection
EndGlobal
